{
  "version": 4,
  "terraform_version": "1.13.3",
  "serial": 82,
  "lineage": "e7c244eb-0564-e8c5-7cee-6d609ed694e4",
  "outputs": {
    "follower_public_ips": {
      "value": {
        "follower-1": "35.92.151.93",
        "follower-2": "34.212.183.132",
        "follower-3": "44.248.45.216",
        "follower-4": "52.35.93.84"
      },
      "type": [
        "object",
        {
          "follower-1": "string",
          "follower-2": "string",
          "follower-3": "string",
          "follower-4": "string"
        }
      ]
    },
    "leader_public_ip": {
      "value": "54.187.84.33",
      "type": "string"
    }
  },
  "resources": [
    {
      "mode": "data",
      "type": "aws_ami",
      "name": "latest_amazon_linux",
      "provider": "provider[\"registry.terraform.io/hashicorp/aws\"]",
      "instances": [
        {
          "schema_version": 0,
          "attributes": {
            "architecture": "x86_64",
            "arn": "arn:aws:ec2:us-west-2::image/ami-00c1d63aff2d420ad",
            "block_device_mappings": [
              {
                "device_name": "/dev/xvda",
                "ebs": {
                  "delete_on_termination": "true",
                  "encrypted": "false",
                  "iops": "0",
                  "snapshot_id": "snap-0bec99bc8c5da2698",
                  "throughput": "0",
                  "volume_initialization_rate": "0",
                  "volume_size": "8",
                  "volume_type": "gp2"
                },
                "no_device": "",
                "virtual_name": ""
              }
            ],
            "boot_mode": "",
            "creation_date": "2025-11-21T08:26:43.000Z",
            "deprecation_time": "2026-02-19T08:27:00.000Z",
            "description": "Amazon Linux 2 AMI 2.0.20251121.0 x86_64 HVM gp2",
            "ena_support": true,
            "executable_users": null,
            "filter": [
              {
                "name": "name",
                "values": [
                  "amzn2-ami-hvm-*-x86_64-gp2"
                ]
              },
              {
                "name": "virtualization-type",
                "values": [
                  "hvm"
                ]
              }
            ],
            "hypervisor": "xen",
            "id": "ami-00c1d63aff2d420ad",
            "image_id": "ami-00c1d63aff2d420ad",
            "image_location": "amazon/amzn2-ami-hvm-2.0.20251121.0-x86_64-gp2",
            "image_owner_alias": "amazon",
            "image_type": "machine",
            "imds_support": "",
            "include_deprecated": false,
            "kernel_id": "",
            "last_launched_time": "",
            "most_recent": true,
            "name": "amzn2-ami-hvm-2.0.20251121.0-x86_64-gp2",
            "name_regex": null,
            "owner_id": "137112412989",
            "owners": [
              "amazon"
            ],
            "platform": "",
            "platform_details": "Linux/UNIX",
            "product_codes": [],
            "public": true,
            "ramdisk_id": "",
            "root_device_name": "/dev/xvda",
            "root_device_type": "ebs",
            "root_snapshot_id": "snap-0bec99bc8c5da2698",
            "sriov_net_support": "simple",
            "state": "available",
            "state_reason": {
              "code": "UNSET",
              "message": "UNSET"
            },
            "tags": {},
            "timeouts": null,
            "tpm_support": "",
            "uefi_data": null,
            "usage_operation": "RunInstances",
            "virtualization_type": "hvm"
          },
          "sensitive_attributes": [],
          "identity_schema_version": 0
        }
      ]
    },
    {
      "mode": "managed",
      "type": "aws_instance",
      "name": "follower",
      "provider": "provider[\"registry.terraform.io/hashicorp/aws\"]",
      "instances": [
        {
          "index_key": 0,
          "schema_version": 1,
          "attributes": {
            "ami": "ami-00c1d63aff2d420ad",
            "arn": "arn:aws:ec2:us-west-2:374073887674:instance/i-08ff68331b6b1812a",
            "associate_public_ip_address": true,
            "availability_zone": "us-west-2a",
            "capacity_reservation_specification": [
              {
                "capacity_reservation_preference": "open",
                "capacity_reservation_target": []
              }
            ],
            "cpu_core_count": 1,
            "cpu_options": [
              {
                "amd_sev_snp": "",
                "core_count": 1,
                "threads_per_core": 1
              }
            ],
            "cpu_threads_per_core": 1,
            "credit_specification": [
              {
                "cpu_credits": "standard"
              }
            ],
            "disable_api_stop": false,
            "disable_api_termination": false,
            "ebs_block_device": [],
            "ebs_optimized": false,
            "enable_primary_ipv6": null,
            "enclave_options": [
              {
                "enabled": false
              }
            ],
            "ephemeral_block_device": [],
            "get_password_data": false,
            "hibernation": false,
            "host_id": "",
            "host_resource_group_arn": null,
            "iam_instance_profile": "",
            "id": "i-08ff68331b6b1812a",
            "instance_initiated_shutdown_behavior": "stop",
            "instance_lifecycle": "",
            "instance_market_options": [],
            "instance_state": "running",
            "instance_type": "t2.micro",
            "ipv6_address_count": 0,
            "ipv6_addresses": [],
            "key_name": "kv-new-key",
            "launch_template": [],
            "maintenance_options": [
              {
                "auto_recovery": "default"
              }
            ],
            "metadata_options": [
              {
                "http_endpoint": "enabled",
                "http_protocol_ipv6": "disabled",
                "http_put_response_hop_limit": 1,
                "http_tokens": "optional",
                "instance_metadata_tags": "disabled"
              }
            ],
            "monitoring": false,
            "network_interface": [],
            "outpost_arn": "",
            "password_data": "",
            "placement_group": "",
            "placement_partition_number": 0,
            "primary_network_interface_id": "eni-0c6db9ea5f7cc1c4c",
            "private_dns": "ip-10-0-1-197.us-west-2.compute.internal",
            "private_dns_name_options": [
              {
                "enable_resource_name_dns_a_record": false,
                "enable_resource_name_dns_aaaa_record": false,
                "hostname_type": "ip-name"
              }
            ],
            "private_ip": "10.0.1.197",
            "public_dns": "",
            "public_ip": "35.92.151.93",
            "root_block_device": [
              {
                "delete_on_termination": true,
                "device_name": "/dev/xvda",
                "encrypted": false,
                "iops": 100,
                "kms_key_id": "",
                "tags": {},
                "tags_all": {},
                "throughput": 0,
                "volume_id": "vol-06b4d968c5e71d6bc",
                "volume_size": 8,
                "volume_type": "gp2"
              }
            ],
            "secondary_private_ips": [],
            "security_groups": [],
            "source_dest_check": true,
            "spot_instance_request_id": "",
            "subnet_id": "subnet-0b144f5df676506b5",
            "tags": {
              "Name": "kvstore-follower-1"
            },
            "tags_all": {
              "Name": "kvstore-follower-1"
            },
            "tenancy": "default",
            "timeouts": null,
            "user_data": "4ea1a9ad52d731f61293602aa7de2dff7c799889",
            "user_data_base64": null,
            "user_data_replace_on_change": false,
            "volume_tags": null,
            "vpc_security_group_ids": [
              "sg-0456ce7e75e892c0f"
            ]
          },
          "sensitive_attributes": [
            [
              {
                "type": "get_attr",
                "value": "user_data"
              }
            ]
          ],
          "identity_schema_version": 0,
          "private": "eyJlMmJmYjczMC1lY2FhLTExZTYtOGY4OC0zNDM2M2JjN2M0YzAiOnsiY3JlYXRlIjo2MDAwMDAwMDAwMDAsImRlbGV0ZSI6MTIwMDAwMDAwMDAwMCwicmVhZCI6OTAwMDAwMDAwMDAwLCJ1cGRhdGUiOjYwMDAwMDAwMDAwMH0sInNjaGVtYV92ZXJzaW9uIjoiMSJ9",
          "dependencies": [
            "aws_s3_bucket.kvstore_bucket",
            "aws_security_group.kvstore_sg",
            "aws_subnet.kvstore_subnet",
            "aws_vpc.kvstore_vpc",
            "data.aws_ami.latest_amazon_linux",
            "random_integer.suffix"
          ]
        },
        {
          "index_key": 1,
          "schema_version": 1,
          "attributes": {
            "ami": "ami-00c1d63aff2d420ad",
            "arn": "arn:aws:ec2:us-west-2:374073887674:instance/i-0780dc66f6243b026",
            "associate_public_ip_address": true,
            "availability_zone": "us-west-2a",
            "capacity_reservation_specification": [
              {
                "capacity_reservation_preference": "open",
                "capacity_reservation_target": []
              }
            ],
            "cpu_core_count": 1,
            "cpu_options": [
              {
                "amd_sev_snp": "",
                "core_count": 1,
                "threads_per_core": 1
              }
            ],
            "cpu_threads_per_core": 1,
            "credit_specification": [
              {
                "cpu_credits": "standard"
              }
            ],
            "disable_api_stop": false,
            "disable_api_termination": false,
            "ebs_block_device": [],
            "ebs_optimized": false,
            "enable_primary_ipv6": null,
            "enclave_options": [
              {
                "enabled": false
              }
            ],
            "ephemeral_block_device": [],
            "get_password_data": false,
            "hibernation": false,
            "host_id": "",
            "host_resource_group_arn": null,
            "iam_instance_profile": "",
            "id": "i-0780dc66f6243b026",
            "instance_initiated_shutdown_behavior": "stop",
            "instance_lifecycle": "",
            "instance_market_options": [],
            "instance_state": "running",
            "instance_type": "t2.micro",
            "ipv6_address_count": 0,
            "ipv6_addresses": [],
            "key_name": "kv-new-key",
            "launch_template": [],
            "maintenance_options": [
              {
                "auto_recovery": "default"
              }
            ],
            "metadata_options": [
              {
                "http_endpoint": "enabled",
                "http_protocol_ipv6": "disabled",
                "http_put_response_hop_limit": 1,
                "http_tokens": "optional",
                "instance_metadata_tags": "disabled"
              }
            ],
            "monitoring": false,
            "network_interface": [],
            "outpost_arn": "",
            "password_data": "",
            "placement_group": "",
            "placement_partition_number": 0,
            "primary_network_interface_id": "eni-0f766d655887bae2a",
            "private_dns": "ip-10-0-1-130.us-west-2.compute.internal",
            "private_dns_name_options": [
              {
                "enable_resource_name_dns_a_record": false,
                "enable_resource_name_dns_aaaa_record": false,
                "hostname_type": "ip-name"
              }
            ],
            "private_ip": "10.0.1.130",
            "public_dns": "",
            "public_ip": "34.212.183.132",
            "root_block_device": [
              {
                "delete_on_termination": true,
                "device_name": "/dev/xvda",
                "encrypted": false,
                "iops": 100,
                "kms_key_id": "",
                "tags": {},
                "tags_all": {},
                "throughput": 0,
                "volume_id": "vol-0e8a961a3ffcdc380",
                "volume_size": 8,
                "volume_type": "gp2"
              }
            ],
            "secondary_private_ips": [],
            "security_groups": [],
            "source_dest_check": true,
            "spot_instance_request_id": "",
            "subnet_id": "subnet-0b144f5df676506b5",
            "tags": {
              "Name": "kvstore-follower-2"
            },
            "tags_all": {
              "Name": "kvstore-follower-2"
            },
            "tenancy": "default",
            "timeouts": null,
            "user_data": "68f50ea2cbc016b5a7838a742975706799c8fe19",
            "user_data_base64": null,
            "user_data_replace_on_change": false,
            "volume_tags": null,
            "vpc_security_group_ids": [
              "sg-0456ce7e75e892c0f"
            ]
          },
          "sensitive_attributes": [
            [
              {
                "type": "get_attr",
                "value": "user_data"
              }
            ]
          ],
          "identity_schema_version": 0,
          "private": "eyJlMmJmYjczMC1lY2FhLTExZTYtOGY4OC0zNDM2M2JjN2M0YzAiOnsiY3JlYXRlIjo2MDAwMDAwMDAwMDAsImRlbGV0ZSI6MTIwMDAwMDAwMDAwMCwicmVhZCI6OTAwMDAwMDAwMDAwLCJ1cGRhdGUiOjYwMDAwMDAwMDAwMH0sInNjaGVtYV92ZXJzaW9uIjoiMSJ9",
          "dependencies": [
            "aws_s3_bucket.kvstore_bucket",
            "aws_security_group.kvstore_sg",
            "aws_subnet.kvstore_subnet",
            "aws_vpc.kvstore_vpc",
            "data.aws_ami.latest_amazon_linux",
            "random_integer.suffix"
          ]
        },
        {
          "index_key": 2,
          "schema_version": 1,
          "attributes": {
            "ami": "ami-00c1d63aff2d420ad",
            "arn": "arn:aws:ec2:us-west-2:374073887674:instance/i-0887440da46445c50",
            "associate_public_ip_address": true,
            "availability_zone": "us-west-2a",
            "capacity_reservation_specification": [
              {
                "capacity_reservation_preference": "open",
                "capacity_reservation_target": []
              }
            ],
            "cpu_core_count": 1,
            "cpu_options": [
              {
                "amd_sev_snp": "",
                "core_count": 1,
                "threads_per_core": 1
              }
            ],
            "cpu_threads_per_core": 1,
            "credit_specification": [
              {
                "cpu_credits": "standard"
              }
            ],
            "disable_api_stop": false,
            "disable_api_termination": false,
            "ebs_block_device": [],
            "ebs_optimized": false,
            "enable_primary_ipv6": null,
            "enclave_options": [
              {
                "enabled": false
              }
            ],
            "ephemeral_block_device": [],
            "get_password_data": false,
            "hibernation": false,
            "host_id": "",
            "host_resource_group_arn": null,
            "iam_instance_profile": "",
            "id": "i-0887440da46445c50",
            "instance_initiated_shutdown_behavior": "stop",
            "instance_lifecycle": "",
            "instance_market_options": [],
            "instance_state": "running",
            "instance_type": "t2.micro",
            "ipv6_address_count": 0,
            "ipv6_addresses": [],
            "key_name": "kv-new-key",
            "launch_template": [],
            "maintenance_options": [
              {
                "auto_recovery": "default"
              }
            ],
            "metadata_options": [
              {
                "http_endpoint": "enabled",
                "http_protocol_ipv6": "disabled",
                "http_put_response_hop_limit": 1,
                "http_tokens": "optional",
                "instance_metadata_tags": "disabled"
              }
            ],
            "monitoring": false,
            "network_interface": [],
            "outpost_arn": "",
            "password_data": "",
            "placement_group": "",
            "placement_partition_number": 0,
            "primary_network_interface_id": "eni-0ead44aab602aa5ca",
            "private_dns": "ip-10-0-1-104.us-west-2.compute.internal",
            "private_dns_name_options": [
              {
                "enable_resource_name_dns_a_record": false,
                "enable_resource_name_dns_aaaa_record": false,
                "hostname_type": "ip-name"
              }
            ],
            "private_ip": "10.0.1.104",
            "public_dns": "",
            "public_ip": "44.248.45.216",
            "root_block_device": [
              {
                "delete_on_termination": true,
                "device_name": "/dev/xvda",
                "encrypted": false,
                "iops": 100,
                "kms_key_id": "",
                "tags": {},
                "tags_all": {},
                "throughput": 0,
                "volume_id": "vol-0f26713829305f35c",
                "volume_size": 8,
                "volume_type": "gp2"
              }
            ],
            "secondary_private_ips": [],
            "security_groups": [],
            "source_dest_check": true,
            "spot_instance_request_id": "",
            "subnet_id": "subnet-0b144f5df676506b5",
            "tags": {
              "Name": "kvstore-follower-3"
            },
            "tags_all": {
              "Name": "kvstore-follower-3"
            },
            "tenancy": "default",
            "timeouts": null,
            "user_data": "087a122ba02435b5ae23ba5973d5758f749ae1d8",
            "user_data_base64": null,
            "user_data_replace_on_change": false,
            "volume_tags": null,
            "vpc_security_group_ids": [
              "sg-0456ce7e75e892c0f"
            ]
          },
          "sensitive_attributes": [
            [
              {
                "type": "get_attr",
                "value": "user_data"
              }
            ]
          ],
          "identity_schema_version": 0,
          "private": "eyJlMmJmYjczMC1lY2FhLTExZTYtOGY4OC0zNDM2M2JjN2M0YzAiOnsiY3JlYXRlIjo2MDAwMDAwMDAwMDAsImRlbGV0ZSI6MTIwMDAwMDAwMDAwMCwicmVhZCI6OTAwMDAwMDAwMDAwLCJ1cGRhdGUiOjYwMDAwMDAwMDAwMH0sInNjaGVtYV92ZXJzaW9uIjoiMSJ9",
          "dependencies": [
            "aws_s3_bucket.kvstore_bucket",
            "aws_security_group.kvstore_sg",
            "aws_subnet.kvstore_subnet",
            "aws_vpc.kvstore_vpc",
            "data.aws_ami.latest_amazon_linux",
            "random_integer.suffix"
          ]
        },
        {
          "index_key": 3,
          "schema_version": 1,
          "attributes": {
            "ami": "ami-00c1d63aff2d420ad",
            "arn": "arn:aws:ec2:us-west-2:374073887674:instance/i-01ec17e59a8ed0722",
            "associate_public_ip_address": true,
            "availability_zone": "us-west-2a",
            "capacity_reservation_specification": [
              {
                "capacity_reservation_preference": "open",
                "capacity_reservation_target": []
              }
            ],
            "cpu_core_count": 1,
            "cpu_options": [
              {
                "amd_sev_snp": "",
                "core_count": 1,
                "threads_per_core": 1
              }
            ],
            "cpu_threads_per_core": 1,
            "credit_specification": [
              {
                "cpu_credits": "standard"
              }
            ],
            "disable_api_stop": false,
            "disable_api_termination": false,
            "ebs_block_device": [],
            "ebs_optimized": false,
            "enable_primary_ipv6": null,
            "enclave_options": [
              {
                "enabled": false
              }
            ],
            "ephemeral_block_device": [],
            "get_password_data": false,
            "hibernation": false,
            "host_id": "",
            "host_resource_group_arn": null,
            "iam_instance_profile": "",
            "id": "i-01ec17e59a8ed0722",
            "instance_initiated_shutdown_behavior": "stop",
            "instance_lifecycle": "",
            "instance_market_options": [],
            "instance_state": "running",
            "instance_type": "t2.micro",
            "ipv6_address_count": 0,
            "ipv6_addresses": [],
            "key_name": "kv-new-key",
            "launch_template": [],
            "maintenance_options": [
              {
                "auto_recovery": "default"
              }
            ],
            "metadata_options": [
              {
                "http_endpoint": "enabled",
                "http_protocol_ipv6": "disabled",
                "http_put_response_hop_limit": 1,
                "http_tokens": "optional",
                "instance_metadata_tags": "disabled"
              }
            ],
            "monitoring": false,
            "network_interface": [],
            "outpost_arn": "",
            "password_data": "",
            "placement_group": "",
            "placement_partition_number": 0,
            "primary_network_interface_id": "eni-0051e59a0cf296f74",
            "private_dns": "ip-10-0-1-173.us-west-2.compute.internal",
            "private_dns_name_options": [
              {
                "enable_resource_name_dns_a_record": false,
                "enable_resource_name_dns_aaaa_record": false,
                "hostname_type": "ip-name"
              }
            ],
            "private_ip": "10.0.1.173",
            "public_dns": "",
            "public_ip": "52.35.93.84",
            "root_block_device": [
              {
                "delete_on_termination": true,
                "device_name": "/dev/xvda",
                "encrypted": false,
                "iops": 100,
                "kms_key_id": "",
                "tags": {},
                "tags_all": {},
                "throughput": 0,
                "volume_id": "vol-0a1f1b9bf4d6a47c1",
                "volume_size": 8,
                "volume_type": "gp2"
              }
            ],
            "secondary_private_ips": [],
            "security_groups": [],
            "source_dest_check": true,
            "spot_instance_request_id": "",
            "subnet_id": "subnet-0b144f5df676506b5",
            "tags": {
              "Name": "kvstore-follower-4"
            },
            "tags_all": {
              "Name": "kvstore-follower-4"
            },
            "tenancy": "default",
            "timeouts": null,
            "user_data": "22b60869d7005aa8287b060b256dafa2b4e4e17b",
            "user_data_base64": null,
            "user_data_replace_on_change": false,
            "volume_tags": null,
            "vpc_security_group_ids": [
              "sg-0456ce7e75e892c0f"
            ]
          },
          "sensitive_attributes": [
            [
              {
                "type": "get_attr",
                "value": "user_data"
              }
            ]
          ],
          "identity_schema_version": 0,
          "private": "eyJlMmJmYjczMC1lY2FhLTExZTYtOGY4OC0zNDM2M2JjN2M0YzAiOnsiY3JlYXRlIjo2MDAwMDAwMDAwMDAsImRlbGV0ZSI6MTIwMDAwMDAwMDAwMCwicmVhZCI6OTAwMDAwMDAwMDAwLCJ1cGRhdGUiOjYwMDAwMDAwMDAwMH0sInNjaGVtYV92ZXJzaW9uIjoiMSJ9",
          "dependencies": [
            "aws_s3_bucket.kvstore_bucket",
            "aws_security_group.kvstore_sg",
            "aws_subnet.kvstore_subnet",
            "aws_vpc.kvstore_vpc",
            "data.aws_ami.latest_amazon_linux",
            "random_integer.suffix"
          ]
        }
      ]
    },
    {
      "mode": "managed",
      "type": "aws_instance",
      "name": "leader",
      "provider": "provider[\"registry.terraform.io/hashicorp/aws\"]",
      "instances": [
        {
          "schema_version": 1,
          "attributes": {
            "ami": "ami-00c1d63aff2d420ad",
            "arn": "arn:aws:ec2:us-west-2:374073887674:instance/i-011ae73f5fe1ef67e",
            "associate_public_ip_address": true,
            "availability_zone": "us-west-2a",
            "capacity_reservation_specification": [
              {
                "capacity_reservation_preference": "open",
                "capacity_reservation_target": []
              }
            ],
            "cpu_core_count": 1,
            "cpu_options": [
              {
                "amd_sev_snp": "",
                "core_count": 1,
                "threads_per_core": 1
              }
            ],
            "cpu_threads_per_core": 1,
            "credit_specification": [
              {
                "cpu_credits": "standard"
              }
            ],
            "disable_api_stop": false,
            "disable_api_termination": false,
            "ebs_block_device": [],
            "ebs_optimized": false,
            "enable_primary_ipv6": null,
            "enclave_options": [
              {
                "enabled": false
              }
            ],
            "ephemeral_block_device": [],
            "get_password_data": false,
            "hibernation": false,
            "host_id": "",
            "host_resource_group_arn": null,
            "iam_instance_profile": "",
            "id": "i-011ae73f5fe1ef67e",
            "instance_initiated_shutdown_behavior": "stop",
            "instance_lifecycle": "",
            "instance_market_options": [],
            "instance_state": "running",
            "instance_type": "t2.micro",
            "ipv6_address_count": 0,
            "ipv6_addresses": [],
            "key_name": "kv-new-key",
            "launch_template": [],
            "maintenance_options": [
              {
                "auto_recovery": "default"
              }
            ],
            "metadata_options": [
              {
                "http_endpoint": "enabled",
                "http_protocol_ipv6": "disabled",
                "http_put_response_hop_limit": 1,
                "http_tokens": "optional",
                "instance_metadata_tags": "disabled"
              }
            ],
            "monitoring": false,
            "network_interface": [],
            "outpost_arn": "",
            "password_data": "",
            "placement_group": "",
            "placement_partition_number": 0,
            "primary_network_interface_id": "eni-0f8d373c9f1ccec6e",
            "private_dns": "ip-10-0-1-6.us-west-2.compute.internal",
            "private_dns_name_options": [
              {
                "enable_resource_name_dns_a_record": false,
                "enable_resource_name_dns_aaaa_record": false,
                "hostname_type": "ip-name"
              }
            ],
            "private_ip": "10.0.1.6",
            "public_dns": "",
            "public_ip": "54.187.84.33",
            "root_block_device": [
              {
                "delete_on_termination": true,
                "device_name": "/dev/xvda",
                "encrypted": false,
                "iops": 100,
                "kms_key_id": "",
                "tags": {},
                "tags_all": {},
                "throughput": 0,
                "volume_id": "vol-0d967625752a53a6e",
                "volume_size": 8,
                "volume_type": "gp2"
              }
            ],
            "secondary_private_ips": [],
            "security_groups": [],
            "source_dest_check": true,
            "spot_instance_request_id": "",
            "subnet_id": "subnet-0b144f5df676506b5",
            "tags": {
              "Name": "kvstore-leader"
            },
            "tags_all": {
              "Name": "kvstore-leader"
            },
            "tenancy": "default",
            "timeouts": null,
            "user_data": "68949fe986d39aa59930e2082bafd2a08fb23ec1",
            "user_data_base64": null,
            "user_data_replace_on_change": false,
            "volume_tags": null,
            "vpc_security_group_ids": [
              "sg-0456ce7e75e892c0f"
            ]
          },
          "sensitive_attributes": [
            [
              {
                "type": "get_attr",
                "value": "user_data"
              }
            ]
          ],
          "identity_schema_version": 0,
          "private": "eyJlMmJmYjczMC1lY2FhLTExZTYtOGY4OC0zNDM2M2JjN2M0YzAiOnsiY3JlYXRlIjo2MDAwMDAwMDAwMDAsImRlbGV0ZSI6MTIwMDAwMDAwMDAwMCwicmVhZCI6OTAwMDAwMDAwMDAwLCJ1cGRhdGUiOjYwMDAwMDAwMDAwMH0sInNjaGVtYV92ZXJzaW9uIjoiMSJ9",
          "dependencies": [
            "aws_instance.follower",
            "aws_s3_bucket.kvstore_bucket",
            "aws_security_group.kvstore_sg",
            "aws_subnet.kvstore_subnet",
            "aws_vpc.kvstore_vpc",
            "data.aws_ami.latest_amazon_linux",
            "random_integer.suffix"
          ]
        }
      ]
    },
    {
      "mode": "managed",
      "type": "aws_internet_gateway",
      "name": "gw",
      "provider": "provider[\"registry.terraform.io/hashicorp/aws\"]",
      "instances": [
        {
          "schema_version": 0,
          "attributes": {
            "arn": "arn:aws:ec2:us-west-2:374073887674:internet-gateway/igw-0a7eb165ffedf78e3",
            "id": "igw-0a7eb165ffedf78e3",
            "owner_id": "374073887674",
            "tags": {
              "Name": "kvstore-gw"
            },
            "tags_all": {
              "Name": "kvstore-gw"
            },
            "timeouts": null,
            "vpc_id": "vpc-0845ea7fc985265a3"
          },
          "sensitive_attributes": [],
          "identity_schema_version": 0,
          "private": "eyJlMmJmYjczMC1lY2FhLTExZTYtOGY4OC0zNDM2M2JjN2M0YzAiOnsiY3JlYXRlIjoxMjAwMDAwMDAwMDAwLCJkZWxldGUiOjEyMDAwMDAwMDAwMDAsInVwZGF0ZSI6MTIwMDAwMDAwMDAwMH19",
          "dependencies": [
            "aws_vpc.kvstore_vpc"
          ]
        }
      ]
    },
    {
      "mode": "managed",
      "type": "aws_key_pair",
      "name": "kv_keypair",
      "provider": "provider[\"registry.terraform.io/hashicorp/aws\"]",
      "instances": [
        {
          "schema_version": 1,
          "attributes": {
            "arn": "arn:aws:ec2:us-west-2:374073887674:key-pair/kv-new-key",
            "fingerprint": "cc:af:ec:ae:43:73:e9:a4:ab:af:1a:b1:1b:8a:01:ff",
            "id": "kv-new-key",
            "key_name": "kv-new-key",
            "key_name_prefix": "",
            "key_pair_id": "key-091029ac3913a0a2c",
            "key_type": "rsa",
            "public_key": "ssh-rsa AAAAB3NzaC1yc2EAAAADAQABAAACAQCaMfdi06Uj04UtDzuLMzwfJm3NId0vkXU7smP9hwKVMiV1O2NKE/3y5xS+7m666X0Iot6ffAolIPyPbnG2VyImvEo+pTyg/pLzI3e8Tq42idbTO4B+AUXE/acGIzJrWQfBck0IJR/HkUtA9U+0aQbFnwv2Au4o6BBWyB9rP7+iToHE3B4bPqj78lwIYLn5maW2JuEKtkp4uZoF4LrRz2AwvI2l7x9YNRRSnyeV7KhJCdM4cALoVYh2JItlqdV2znwoMF2smbLm/KcF7e0tKxf65BQmQ2wPXnktZMcRMWvgEkcgrnwiuMBRJgtWx0QrcHR1miMwOlBZmEThQzAcsS5UdewRn0k9mLkDqhbbGJ/NKExd/UM1Ge0F0LWoFwLMzHYL+IbnQmk4gXg+Qu98OT97+cxEW7q5Ofy6oUJjR72s0iMzVbrW4AkcdhLwcTvfoWeiB4m5oybgp8rxw+HZGNfhHuRDrBBiQMm/uv6IEhAjKX8XPHBAkPLuHlJ7lDc7g+9tJxWofNWIHtoZWO6N15VsYuBA3zLGiMX7buQAT6+GFCrCS6oD3yV8VkOO78ih1cMFPqiCMMnXZpxFrN1/j9SY//dgHZcZnyDc+zpexfUuRiP9mxdIRDjnbpltRbFqhZcTwqPSN09nMZm0I8/nXvLVbXpSN2+WM9XNQuqnvZHVNw==",
            "tags": null,
            "tags_all": {}
          },
          "sensitive_attributes": [],
          "identity_schema_version": 0,
          "private": "eyJzY2hlbWFfdmVyc2lvbiI6IjEifQ==",
          "dependencies": [
            "tls_private_key.kv_key"
          ]
        }
      ]
    },
    {
      "mode": "managed",
      "type": "aws_route_table",
      "name": "rt",
      "provider": "provider[\"registry.terraform.io/hashicorp/aws\"]",
      "instances": [
        {
          "schema_version": 0,
          "attributes": {
            "arn": "arn:aws:ec2:us-west-2:374073887674:route-table/rtb-0c8cdc8258d3f9978",
            "id": "rtb-0c8cdc8258d3f9978",
            "owner_id": "374073887674",
            "propagating_vgws": [],
            "route": [
              {
                "carrier_gateway_id": "",
                "cidr_block": "0.0.0.0/0",
                "core_network_arn": "",
                "destination_prefix_list_id": "",
                "egress_only_gateway_id": "",
                "gateway_id": "igw-0a7eb165ffedf78e3",
                "ipv6_cidr_block": "",
                "local_gateway_id": "",
                "nat_gateway_id": "",
                "network_interface_id": "",
                "transit_gateway_id": "",
                "vpc_endpoint_id": "",
                "vpc_peering_connection_id": ""
              }
            ],
            "tags": null,
            "tags_all": {},
            "timeouts": null,
            "vpc_id": "vpc-0845ea7fc985265a3"
          },
          "sensitive_attributes": [],
          "identity_schema_version": 0,
          "private": "eyJlMmJmYjczMC1lY2FhLTExZTYtOGY4OC0zNDM2M2JjN2M0YzAiOnsiY3JlYXRlIjozMDAwMDAwMDAwMDAsImRlbGV0ZSI6MzAwMDAwMDAwMDAwLCJ1cGRhdGUiOjEyMDAwMDAwMDAwMH19",
          "dependencies": [
            "aws_internet_gateway.gw",
            "aws_vpc.kvstore_vpc"
          ]
        }
      ]
    },
    {
      "mode": "managed",
      "type": "aws_route_table_association",
      "name": "a",
      "provider": "provider[\"registry.terraform.io/hashicorp/aws\"]",
      "instances": [
        {
          "schema_version": 0,
          "attributes": {
            "gateway_id": "",
            "id": "rtbassoc-0e6db71109ec469d4",
            "route_table_id": "rtb-0c8cdc8258d3f9978",
            "subnet_id": "subnet-0b144f5df676506b5",
            "timeouts": null
          },
          "sensitive_attributes": [],
          "identity_schema_version": 0,
          "private": "eyJlMmJmYjczMC1lY2FhLTExZTYtOGY4OC0zNDM2M2JjN2M0YzAiOnsiY3JlYXRlIjozMDAwMDAwMDAwMDAsImRlbGV0ZSI6MzAwMDAwMDAwMDAwLCJ1cGRhdGUiOjEyMDAwMDAwMDAwMH19",
          "dependencies": [
            "aws_internet_gateway.gw",
            "aws_route_table.rt",
            "aws_subnet.kvstore_subnet",
            "aws_vpc.kvstore_vpc"
          ]
        }
      ]
    },
    {
      "mode": "managed",
      "type": "aws_s3_bucket",
      "name": "kvstore_bucket",
      "provider": "provider[\"registry.terraform.io/hashicorp/aws\"]",
      "instances": [
        {
          "schema_version": 0,
          "attributes": {
            "acceleration_status": "",
            "acl": null,
            "arn": "arn:aws:s3:::kvstore-test-bucket-kvstore-71106",
            "bucket": "kvstore-test-bucket-kvstore-71106",
            "bucket_domain_name": "kvstore-test-bucket-kvstore-71106.s3.amazonaws.com",
            "bucket_prefix": "",
            "bucket_regional_domain_name": "kvstore-test-bucket-kvstore-71106.s3.us-west-2.amazonaws.com",
            "cors_rule": [],
            "force_destroy": false,
            "grant": [
              {
                "id": "96ad32ded0fe3d04bed36df89d9567e6201f9a254c27ec0ef97e148412c2eab8",
                "permissions": [
                  "FULL_CONTROL"
                ],
                "type": "CanonicalUser",
                "uri": ""
              }
            ],
            "hosted_zone_id": "Z3BJ6K6RIION7M",
            "id": "kvstore-test-bucket-kvstore-71106",
            "lifecycle_rule": [],
            "logging": [],
            "object_lock_configuration": [],
            "object_lock_enabled": false,
            "policy": "",
            "region": "us-west-2",
            "replication_configuration": [],
            "request_payer": "BucketOwner",
            "server_side_encryption_configuration": [
              {
                "rule": [
                  {
                    "apply_server_side_encryption_by_default": [
                      {
                        "kms_master_key_id": "",
                        "sse_algorithm": "AES256"
                      }
                    ],
                    "bucket_key_enabled": false
                  }
                ]
              }
            ],
            "tags": null,
            "tags_all": {},
            "timeouts": null,
            "versioning": [
              {
                "enabled": false,
                "mfa_delete": false
              }
            ],
            "website": [],
            "website_domain": null,
            "website_endpoint": null
          },
          "sensitive_attributes": [],
          "identity_schema_version": 0,
          "private": "eyJlMmJmYjczMC1lY2FhLTExZTYtOGY4OC0zNDM2M2JjN2M0YzAiOnsiY3JlYXRlIjoxMjAwMDAwMDAwMDAwLCJkZWxldGUiOjM2MDAwMDAwMDAwMDAsInJlYWQiOjEyMDAwMDAwMDAwMDAsInVwZGF0ZSI6MTIwMDAwMDAwMDAwMH19",
          "dependencies": [
            "random_integer.suffix"
          ]
        }
      ]
    },
    {
      "mode": "managed",
      "type": "aws_security_group",
      "name": "kvstore_sg",
      "provider": "provider[\"registry.terraform.io/hashicorp/aws\"]",
      "instances": [
        {
          "schema_version": 1,
          "attributes": {
            "arn": "arn:aws:ec2:us-west-2:374073887674:security-group/sg-0456ce7e75e892c0f",
            "description": "Managed by Terraform",
            "egress": [
              {
                "cidr_blocks": [
                  "0.0.0.0/0"
                ],
                "description": "",
                "from_port": 0,
                "ipv6_cidr_blocks": [],
                "prefix_list_ids": [],
                "protocol": "-1",
                "security_groups": [],
                "self": false,
                "to_port": 0
              }
            ],
            "id": "sg-0456ce7e75e892c0f",
            "ingress": [
              {
                "cidr_blocks": [
                  "0.0.0.0/0"
                ],
                "description": "",
                "from_port": 22,
                "ipv6_cidr_blocks": [],
                "prefix_list_ids": [],
                "protocol": "tcp",
                "security_groups": [],
                "self": false,
                "to_port": 22
              },
              {
                "cidr_blocks": [
                  "0.0.0.0/0"
                ],
                "description": "",
                "from_port": 8000,
                "ipv6_cidr_blocks": [],
                "prefix_list_ids": [],
                "protocol": "tcp",
                "security_groups": [],
                "self": false,
                "to_port": 8000
              },
              {
                "cidr_blocks": [
                  "10.0.0.0/16"
                ],
                "description": "",
                "from_port": 0,
                "ipv6_cidr_blocks": [],
                "prefix_list_ids": [],
                "protocol": "-1",
                "security_groups": [],
                "self": false,
                "to_port": 0
              }
            ],
            "name": "terraform-20251129101411683000000001",
            "name_prefix": "terraform-",
            "owner_id": "374073887674",
            "revoke_rules_on_delete": false,
            "tags": null,
            "tags_all": {},
            "timeouts": null,
            "vpc_id": "vpc-0845ea7fc985265a3"
          },
          "sensitive_attributes": [],
          "identity_schema_version": 0,
          "private": "eyJlMmJmYjczMC1lY2FhLTExZTYtOGY4OC0zNDM2M2JjN2M0YzAiOnsiY3JlYXRlIjo2MDAwMDAwMDAwMDAsImRlbGV0ZSI6OTAwMDAwMDAwMDAwfSwic2NoZW1hX3ZlcnNpb24iOiIxIn0=",
          "dependencies": [
            "aws_vpc.kvstore_vpc"
          ]
        }
      ]
    },
    {
      "mode": "managed",
      "type": "aws_subnet",
      "name": "kvstore_subnet",
      "provider": "provider[\"registry.terraform.io/hashicorp/aws\"]",
      "instances": [
        {
          "schema_version": 1,
          "attributes": {
            "arn": "arn:aws:ec2:us-west-2:374073887674:subnet/subnet-0b144f5df676506b5",
            "assign_ipv6_address_on_creation": false,
            "availability_zone": "us-west-2a",
            "availability_zone_id": "usw2-az2",
            "cidr_block": "10.0.1.0/24",
            "customer_owned_ipv4_pool": "",
            "enable_dns64": false,
            "enable_lni_at_device_index": 0,
            "enable_resource_name_dns_a_record_on_launch": false,
            "enable_resource_name_dns_aaaa_record_on_launch": false,
            "id": "subnet-0b144f5df676506b5",
            "ipv6_cidr_block": "",
            "ipv6_cidr_block_association_id": "",
            "ipv6_native": false,
            "map_customer_owned_ip_on_launch": false,
            "map_public_ip_on_launch": true,
            "outpost_arn": "",
            "owner_id": "374073887674",
            "private_dns_hostname_type_on_launch": "ip-name",
            "tags": {
              "Name": "kvstore-subnet"
            },
            "tags_all": {
              "Name": "kvstore-subnet"
            },
            "timeouts": null,
            "vpc_id": "vpc-0845ea7fc985265a3"
          },
          "sensitive_attributes": [],
          "identity_schema_version": 0,
          "private": "eyJlMmJmYjczMC1lY2FhLTExZTYtOGY4OC0zNDM2M2JjN2M0YzAiOnsiY3JlYXRlIjo2MDAwMDAwMDAwMDAsImRlbGV0ZSI6MTIwMDAwMDAwMDAwMH0sInNjaGVtYV92ZXJzaW9uIjoiMSJ9",
          "dependencies": [
            "aws_vpc.kvstore_vpc"
          ]
        }
      ]
    },
    {
      "mode": "managed",
      "type": "aws_vpc",
      "name": "kvstore_vpc",
      "provider": "provider[\"registry.terraform.io/hashicorp/aws\"]",
      "instances": [
        {
          "schema_version": 1,
          "attributes": {
            "arn": "arn:aws:ec2:us-west-2:374073887674:vpc/vpc-0845ea7fc985265a3",
            "assign_generated_ipv6_cidr_block": false,
            "cidr_block": "10.0.0.0/16",
            "default_network_acl_id": "acl-0559509b0a1232352",
            "default_route_table_id": "rtb-0614965edb3550274",
            "default_security_group_id": "sg-0be68fa9abd2b3ebe",
            "dhcp_options_id": "dopt-03eec4e2d908b409b",
            "enable_dns_hostnames": false,
            "enable_dns_support": true,
            "enable_network_address_usage_metrics": false,
            "id": "vpc-0845ea7fc985265a3",
            "instance_tenancy": "default",
            "ipv4_ipam_pool_id": null,
            "ipv4_netmask_length": null,
            "ipv6_association_id": "",
            "ipv6_cidr_block": "",
            "ipv6_cidr_block_network_border_group": "",
            "ipv6_ipam_pool_id": "",
            "ipv6_netmask_length": 0,
            "main_route_table_id": "rtb-0614965edb3550274",
            "owner_id": "374073887674",
            "tags": {
              "Name": "kvstore-vpc"
            },
            "tags_all": {
              "Name": "kvstore-vpc"
            }
          },
          "sensitive_attributes": [],
          "identity_schema_version": 0,
          "private": "eyJzY2hlbWFfdmVyc2lvbiI6IjEifQ=="
        }
      ]
    },
    {
      "mode": "managed",
      "type": "local_file",
      "name": "pem",
      "provider": "provider[\"registry.terraform.io/hashicorp/local\"]",
      "instances": [
        {
          "schema_version": 0,
          "attributes": {
            "content": "-----BEGIN RSA PRIVATE KEY-----\nMIIJKgIBAAKCAgEAmjH3YtOlI9OFLQ87izM8HyZtzSHdL5F1O7Jj/YcClTIldTtj\nShP98ucUvu5uuul9CKLen3wKJSD8j25xtlciJrxKPqU8oP6S8yN3vE6uNonW0zuA\nfgFFxP2nBiMya1kHwXJNCCUfx5FLQPVPtGkGxZ8L9gLuKOgQVsgfaz+/ok6BxNwe\nGz6o+/JcCGC5+ZmltibhCrZKeLmaBeC60c9gMLyNpe8fWDUUUp8nleyoSQnTOHAC\n6FWIdiSLZanVds58KDBdrJmy5vynBe3tLSsX+uQUJkNsD155LWTHETFr4BJHIK58\nIrjAUSYLVsdEK3B0dZojMDpQWZhE4UMwHLEuVHXsEZ9JPZi5A6oW2xifzShMXf1D\nNRntBdC1qBcCzMx2C/iG50JpOIF4PkLvfDk/e/nMRFu6uTn8uqFCY0e9rNIjM1W6\n1uAJHHYS8HE736FnogeJuaMm4KfK8cPh2RjX4R7kQ6wQYkDJv7r+iBIQIyl/Fzxw\nQJDy7h5Se5Q3O4PvbScVqHzViB7aGVjujdeVbGLgQN8yxojF+27kAE+vhhQqwkuq\nA98lfFZDju/IodXDBT6ogjDJ12acRazdf4/UmP/3YB2XGZ8g3Ps6XsX1LkYj/ZsX\nSEQ4526ZbUWxaoWXE8Kj0jdPZzGZtCPP517y1W16UjdvljPVzULqp72R1TcCAwEA\nAQKCAgATTudx9hurOUznYA1uOFuycN71/WQTlUzPTV7M++98XDupiua7e3ZkyL/l\nyriN6jfwcWicIu2oSZGmqkdN9Go/3HsVjh5h8I7ZKFtRdq7FAIyohb5oyOMCMFsO\nXzDslUjt1dDEkNWCaXS5bR5ucmpZK7nVM/e7opeNLmEUznZCLj98ta2Fbtq9NdOF\nbwtKsI06GnM6oqn/pQoe602pgSTD5ZB9M0zDAF6LnAdadDh8cOEEo64RhshgNuJH\nuDUVO/T7GVdZiiOHXiLSEMGO0uMdVRsa0X2CDSvyXbi5s+0UsWU7t+2ucWEPqEpq\nMuib4eiLY2I9o0e1eGZDqOSo6xzoX9mWQ0UPXpqy93pGlt0FSl5aGl8Tg0wXPm9k\nWAsZCPIKturPhBDtNBPw5XqW64Doiu/14EDtY/WTZv5xvNmThgDBUbzkvUTLWyWW\nr2jmr36BgmGRiAYB0ibqEnDw0lAydAsqnrXlYzrbtdjMg8I0r8g1MSbbTiR3MhXk\n1QE/gO1Om9NK5O0lNiO9mQFOrc95TbXdxdTIQZXhGZSSG3R/xtORmgKnM5AVFLIA\nwcokZQlTk4x9lu7lOr4VLjG0o0eGH/E5ATB7KymxtKeBhawcpy/435pM+VQeldc6\nljtMuWQIzXAVaBXoeJ/X27ZLm8FWps1cPe+nkPoPUDVXWiFxZQKCAQEAymBXf0xg\n/D3PfypX+RXxIsko7+5Ppmb9CI+sWpUlhuqLTeexiKcYHu19HbyeGLPLrU6lcgGL\niocjx0Eg9yYYrr+3OqukxDhPWeELAbO4MkwOToAgji3YdYmiPppKleeFhw5tcTDR\ntpSaIrsOMXCQcqf68Rp3Ta96zKVYFlZh83d+P143v/ujMNf6yEL1oBA4wlBn/vF1\nG6luRtj9c39e7SMwONiQcE0nUdjPvM1mNREiEKZXJr8dZsb+BF9DkuDaGeset3Qw\nzg4KNs36zqyIuLRff+SaRaSmVtcyFJxyHjZdopO0vmfbPx+I4BpaJN3X3+lPyMsk\nmZjCyZZGuT6IawKCAQEAww1ieNoDSaQxBu7hg6edTtDaGMJIz4OFl2L92/vSObw9\nTXk3efN/2z7nuFxMKfDOHDd4MY40AYCu7oku3wyEKf5DZNAS5KmF6O2RvXgl7KEr\nKVIY7k4+1DoJBmD05oMW+QDZbmgV5MYkXy1FDBoboOXlzSaS/9vTkaduvJfKmdky\njAHJSvktpsbHjiGBUPR0Tcf/kSS5ru2k7ZghaiL7RE+KCdN80N2ldb65hzXflPlt\n3Cq3jvqcAFKPgbi21Whe0dqgT9UhMl/U7Kh3VRUSUcGocen+USYXstVzEBTU0fpW\n92dzJLsrmd/NWdJNon4aqz93B3AJVG+pN0EVRt7JZQKCAQEAmSHpU0PCJ1vGBJ1P\n0ATQX9gDB/o1ft5zHOVKL4inyrzzB9IHvjVhxRVDFRtCLcLunYbjHa8ZnYrAgedA\nQIMtLh2XUefLV0aclI/6uiD5geWW9cNx3uPF5LpucBxjz6ZOnXFHUtzz8snjD+Cm\nzrY0Nu3wrjuuhrP/oZaDXvOiTo3ek6iBWt3YD/99ncc9AQ8FQ9N/vaOLT5EXBrju\nn1SDycBUns8QDEn1NLNwDZcGfaUnN54GWCVI5Boy37AN+7f0kKQerAZZX7Gz/OBD\npdtb4RdrI+Ug7w21aASRupLerwnINFq760++0LbV5W1LRJYw4Rcz7eX5Hdg/nDX/\n8e/lXQKCAQEAnzKjdqPqHwbmBRSf94asvBF2kNKx/r0IIkFnlU75jKn5FuyivORj\nLJ0xH6Yle+3RK/KSJVA9XiSbopFRMjfS/ztJ4lR5tywt4alVVGFmAragtb8OHiK6\n4RjlGNG10RaZf26UCKrng6u9L/mQ64m7lx1M7J5ZSH8xNSaFGWSCtgMyYFds5cZu\n3jpL0dPC6kI7UuizzNE+xGmuPUX3r9sRXfXVYqO8sfTWAT5DyvnLnJngctxiqU4e\nWZ0JCAWtJI1lJr7cLYx05dqVvPrbOxRRuWzogOFM8wq2OP5CRZPbB+7dYFyM/CPQ\nOG0T/AXL2541QiQwkF9/He1tHW3/YbKgiQKCAQEAkrwtd2y338m4V3kEnO65P1x+\nGzguCEI4BtFvGw5qT0Z+OKps5FEtRsUM24AhYWSaODJvB9DtG5JtUkbKV81VJgVD\nbs8AZUWQzH8w9QvA09vifIsUK3L5pTdF2cMaPt+FqtmvOAv6nz5xfONXLwfGKCdE\n+mit01X6vhP+o1/s1dCD2GgURkpxIT2/zPKoC7Yp+0VfwBpDOsVJmFSQYG/6Fegm\ncr8y4MKYfwCLebCmZ7W+FcEKmQdtv/ven27AsB0kTc8iRJXXQU8htbOibZggXA4U\np8e2guU8YHXHs4KlWrNBnDcnTB7GyW/5Zq8D0LXeFBTUnfzO764fd58QmU8bDg==\n-----END RSA PRIVATE KEY-----\n",
            "content_base64": null,
            "content_base64sha256": "GShxANjoZsQ5lJhlyOZrhYaX3D63VN4oE/RaVYPYVOo=",
            "content_base64sha512": "x1G4nC5Qx4634sd01VaXh2Q9uPduefrziClgYt/s2n6kLxsDGAYYyH4wIG/yQRSYp/dbSIpnsA6qMq3B1Gohdw==",
            "content_md5": "8d5799ff761009ed29589968d7df1556",
            "content_sha1": "3ddacb55f39b3e22046e650ca89f4591b5ed4d68",
            "content_sha256": "19287100d8e866c439949865c8e66b858697dc3eb754de2813f45a5583d854ea",
            "content_sha512": "c751b89c2e50c78eb7e2c774d5569787643db8f76e79faf388296062dfecda7ea42f1b03180618c87e30206ff2411498a7f75b488a67b00eaa32adc1d46a2177",
            "directory_permission": "0777",
            "file_permission": "0400",
            "filename": "./kv-new-key.pem",
            "id": "3ddacb55f39b3e22046e650ca89f4591b5ed4d68",
            "sensitive_content": null,
            "source": null
          },
          "sensitive_attributes": [
            [
              {
                "type": "get_attr",
                "value": "content"
              }
            ],
            [
              {
                "type": "get_attr",
                "value": "sensitive_content"
              }
            ]
          ],
          "identity_schema_version": 0,
          "dependencies": [
            "tls_private_key.kv_key"
          ]
        }
      ]
    },
    {
      "mode": "managed",
      "type": "random_integer",
      "name": "suffix",
      "provider": "provider[\"registry.terraform.io/hashicorp/random\"]",
      "instances": [
        {
          "schema_version": 0,
          "attributes": {
            "id": "71106",
            "keepers": null,
            "max": 99999,
            "min": 10000,
            "result": 71106,
            "seed": null
          },
          "sensitive_attributes": [],
          "identity_schema_version": 0
        }
      ]
    },
    {
      "mode": "managed",
      "type": "tls_private_key",
      "name": "kv_key",
      "provider": "provider[\"registry.terraform.io/hashicorp/tls\"]",
      "instances": [
        {
          "schema_version": 1,
          "attributes": {
            "algorithm": "RSA",
            "ecdsa_curve": "P224",
            "id": "afd49dcd3fab50599fc733e65c1f68010c40abb5",
            "private_key_openssh": "-----BEGIN OPENSSH PRIVATE KEY-----\nb3BlbnNzaC1rZXktdjEAAAAABG5vbmUAAAAEbm9uZQAAAAAAAAABAAACFwAAAAdz\nc2gtcnNhAAAAAwEAAQAAAgEAmjH3YtOlI9OFLQ87izM8HyZtzSHdL5F1O7Jj/YcC\nlTIldTtjShP98ucUvu5uuul9CKLen3wKJSD8j25xtlciJrxKPqU8oP6S8yN3vE6u\nNonW0zuAfgFFxP2nBiMya1kHwXJNCCUfx5FLQPVPtGkGxZ8L9gLuKOgQVsgfaz+/\nok6BxNweGz6o+/JcCGC5+ZmltibhCrZKeLmaBeC60c9gMLyNpe8fWDUUUp8nleyo\nSQnTOHAC6FWIdiSLZanVds58KDBdrJmy5vynBe3tLSsX+uQUJkNsD155LWTHETFr\n4BJHIK58IrjAUSYLVsdEK3B0dZojMDpQWZhE4UMwHLEuVHXsEZ9JPZi5A6oW2xif\nzShMXf1DNRntBdC1qBcCzMx2C/iG50JpOIF4PkLvfDk/e/nMRFu6uTn8uqFCY0e9\nrNIjM1W61uAJHHYS8HE736FnogeJuaMm4KfK8cPh2RjX4R7kQ6wQYkDJv7r+iBIQ\nIyl/FzxwQJDy7h5Se5Q3O4PvbScVqHzViB7aGVjujdeVbGLgQN8yxojF+27kAE+v\nhhQqwkuqA98lfFZDju/IodXDBT6ogjDJ12acRazdf4/UmP/3YB2XGZ8g3Ps6XsX1\nLkYj/ZsXSEQ4526ZbUWxaoWXE8Kj0jdPZzGZtCPP517y1W16UjdvljPVzULqp72R\n1TcAAAc4ujuygro7soIAAAAHc3NoLXJzYQAAAgEAmjH3YtOlI9OFLQ87izM8HyZt\nzSHdL5F1O7Jj/YcClTIldTtjShP98ucUvu5uuul9CKLen3wKJSD8j25xtlciJrxK\nPqU8oP6S8yN3vE6uNonW0zuAfgFFxP2nBiMya1kHwXJNCCUfx5FLQPVPtGkGxZ8L\n9gLuKOgQVsgfaz+/ok6BxNweGz6o+/JcCGC5+ZmltibhCrZKeLmaBeC60c9gMLyN\npe8fWDUUUp8nleyoSQnTOHAC6FWIdiSLZanVds58KDBdrJmy5vynBe3tLSsX+uQU\nJkNsD155LWTHETFr4BJHIK58IrjAUSYLVsdEK3B0dZojMDpQWZhE4UMwHLEuVHXs\nEZ9JPZi5A6oW2xifzShMXf1DNRntBdC1qBcCzMx2C/iG50JpOIF4PkLvfDk/e/nM\nRFu6uTn8uqFCY0e9rNIjM1W61uAJHHYS8HE736FnogeJuaMm4KfK8cPh2RjX4R7k\nQ6wQYkDJv7r+iBIQIyl/FzxwQJDy7h5Se5Q3O4PvbScVqHzViB7aGVjujdeVbGLg\nQN8yxojF+27kAE+vhhQqwkuqA98lfFZDju/IodXDBT6ogjDJ12acRazdf4/UmP/3\nYB2XGZ8g3Ps6XsX1LkYj/ZsXSEQ4526ZbUWxaoWXE8Kj0jdPZzGZtCPP517y1W16\nUjdvljPVzULqp72R1TcAAAADAQABAAACABNO53H2G6s5TOdgDW44W7Jw3vX9ZBOV\nTM9NXsz773xcO6mK5rt7dmTIv+XKuI3qN/BxaJwi7ahJkaaqR030aj/cexWOHmHw\njtkoW1F2rsUAjKiFvmjI4wIwWw5fMOyVSO3V0MSQ1YJpdLltHm5yalkrudUz97ui\nl40uYRTOdkIuP3y1rYVu2r0104VvC0qwjToaczqiqf+lCh7rTamBJMPlkH0zTMMA\nXoucB1p0OHxw4QSjrhGGyGA24ke4NRU79PsZV1mKI4deItIQwY7S4x1VGxrRfYIN\nK/JduLmz7RSxZTu37a5xYQ+oSmoy6Jvh6ItjYj2jR7V4ZkOo5KjrHOhf2ZZDRQ9e\nmrL3ekaW3QVKXloaXxODTBc+b2RYCxkI8gq26s+EEO00E/DlepbrgOiK7/XgQO1j\n9ZNm/nG82ZOGAMFRvOS9RMtbJZavaOavfoGCYZGIBgHSJuoScPDSUDJ0CyqeteVj\nOtu12MyDwjSvyDUxJttOJHcyFeTVAT+A7U6b00rk7SU2I72ZAU6tz3lNtd3F1MhB\nleEZlJIbdH/G05GaAqczkBUUsgDByiRlCVOTjH2W7uU6vhUuMbSjR4Yf8TkBMHsr\nKbG0p4GFrBynL/jfmkz5VB6V1zqWO0y5ZAjNcBVoFeh4n9fbtkubwVamzVw976eQ\n+g9QNVdaIXFlAAABAQCSvC13bLffybhXeQSc7rk/XH4bOC4IQjgG0W8bDmpPRn44\nqmzkUS1GxQzbgCFhZJo4Mm8H0O0bkm1SRspXzVUmBUNuzwBlRZDMfzD1C8DT2+J8\nixQrcvmlN0XZwxo+34Wq2a84C/qfPnF841cvB8YoJ0T6aK3TVfq+E/6jX+zV0IPY\naBRGSnEhPb/M8qgLtin7RV/AGkM6xUmYVJBgb/oV6CZyvzLgwph/AIt5sKZntb4V\nwQqZB22/+96fbsCwHSRNzyJElddBTyG1s6JtmCBcDhSnx7aC5TxgdcezgqVas0Gc\nNydMHsbJb/lmrwPQtd4UFNSd/M7vrh93nxCZTxsOAAABAQDKYFd/TGD8Pc9/Klf5\nFfEiySjv7k+mZv0Ij6xalSWG6otN57GIpxge7X0dvJ4Ys8utTqVyAYuKhyPHQSD3\nJhiuv7c6q6TEOE9Z4QsBs7gyTA5OgCCOLdh1iaI+mkqV54WHDm1xMNG2lJoiuw4x\ncJByp/rxGndNr3rMpVgWVmHzd34/Xje/+6Mw1/rIQvWgEDjCUGf+8XUbqW5G2P1z\nf17tIzA42JBwTSdR2M+8zWY1ESIQplcmvx1mxv4EX0OS4NoZ6x63dDDODgo2zfrO\nrIi4tF9/5JpFpKZW1zIUnHIeNl2ik7S+Z9s/H4jgGlok3dff6U/IyySZmMLJlka5\nPohrAAABAQDDDWJ42gNJpDEG7uGDp51O0NoYwkjPg4WXYv3b+9I5vD1NeTd583/b\nPue4XEwp8M4cN3gxjjQBgK7uiS7fDIQp/kNk0BLkqYXo7ZG9eCXsoSspUhjuTj7U\nOgkGYPTmgxb5ANluaBXkxiRfLUUMGhug5eXNJpL/29ORp268l8qZ2TKMAclK+S2m\nxseOIYFQ9HRNx/+RJLmu7aTtmCFqIvtET4oJ03zQ3aV1vrmHNd+U+W3cKreO+pwA\nUo+BuLbVaF7R2qBP1SEyX9TsqHdVFRJRwahx6f5RJhey1XMQFNTR+lb3Z3MkuyuZ\n381Z0k2ifhqrP3cHcAlUb6k3QRVG3sllAAAAAAEC\n-----END OPENSSH PRIVATE KEY-----\n",
            "private_key_pem": "-----BEGIN RSA PRIVATE KEY-----\nMIIJKgIBAAKCAgEAmjH3YtOlI9OFLQ87izM8HyZtzSHdL5F1O7Jj/YcClTIldTtj\nShP98ucUvu5uuul9CKLen3wKJSD8j25xtlciJrxKPqU8oP6S8yN3vE6uNonW0zuA\nfgFFxP2nBiMya1kHwXJNCCUfx5FLQPVPtGkGxZ8L9gLuKOgQVsgfaz+/ok6BxNwe\nGz6o+/JcCGC5+ZmltibhCrZKeLmaBeC60c9gMLyNpe8fWDUUUp8nleyoSQnTOHAC\n6FWIdiSLZanVds58KDBdrJmy5vynBe3tLSsX+uQUJkNsD155LWTHETFr4BJHIK58\nIrjAUSYLVsdEK3B0dZojMDpQWZhE4UMwHLEuVHXsEZ9JPZi5A6oW2xifzShMXf1D\nNRntBdC1qBcCzMx2C/iG50JpOIF4PkLvfDk/e/nMRFu6uTn8uqFCY0e9rNIjM1W6\n1uAJHHYS8HE736FnogeJuaMm4KfK8cPh2RjX4R7kQ6wQYkDJv7r+iBIQIyl/Fzxw\nQJDy7h5Se5Q3O4PvbScVqHzViB7aGVjujdeVbGLgQN8yxojF+27kAE+vhhQqwkuq\nA98lfFZDju/IodXDBT6ogjDJ12acRazdf4/UmP/3YB2XGZ8g3Ps6XsX1LkYj/ZsX\nSEQ4526ZbUWxaoWXE8Kj0jdPZzGZtCPP517y1W16UjdvljPVzULqp72R1TcCAwEA\nAQKCAgATTudx9hurOUznYA1uOFuycN71/WQTlUzPTV7M++98XDupiua7e3ZkyL/l\nyriN6jfwcWicIu2oSZGmqkdN9Go/3HsVjh5h8I7ZKFtRdq7FAIyohb5oyOMCMFsO\nXzDslUjt1dDEkNWCaXS5bR5ucmpZK7nVM/e7opeNLmEUznZCLj98ta2Fbtq9NdOF\nbwtKsI06GnM6oqn/pQoe602pgSTD5ZB9M0zDAF6LnAdadDh8cOEEo64RhshgNuJH\nuDUVO/T7GVdZiiOHXiLSEMGO0uMdVRsa0X2CDSvyXbi5s+0UsWU7t+2ucWEPqEpq\nMuib4eiLY2I9o0e1eGZDqOSo6xzoX9mWQ0UPXpqy93pGlt0FSl5aGl8Tg0wXPm9k\nWAsZCPIKturPhBDtNBPw5XqW64Doiu/14EDtY/WTZv5xvNmThgDBUbzkvUTLWyWW\nr2jmr36BgmGRiAYB0ibqEnDw0lAydAsqnrXlYzrbtdjMg8I0r8g1MSbbTiR3MhXk\n1QE/gO1Om9NK5O0lNiO9mQFOrc95TbXdxdTIQZXhGZSSG3R/xtORmgKnM5AVFLIA\nwcokZQlTk4x9lu7lOr4VLjG0o0eGH/E5ATB7KymxtKeBhawcpy/435pM+VQeldc6\nljtMuWQIzXAVaBXoeJ/X27ZLm8FWps1cPe+nkPoPUDVXWiFxZQKCAQEAymBXf0xg\n/D3PfypX+RXxIsko7+5Ppmb9CI+sWpUlhuqLTeexiKcYHu19HbyeGLPLrU6lcgGL\niocjx0Eg9yYYrr+3OqukxDhPWeELAbO4MkwOToAgji3YdYmiPppKleeFhw5tcTDR\ntpSaIrsOMXCQcqf68Rp3Ta96zKVYFlZh83d+P143v/ujMNf6yEL1oBA4wlBn/vF1\nG6luRtj9c39e7SMwONiQcE0nUdjPvM1mNREiEKZXJr8dZsb+BF9DkuDaGeset3Qw\nzg4KNs36zqyIuLRff+SaRaSmVtcyFJxyHjZdopO0vmfbPx+I4BpaJN3X3+lPyMsk\nmZjCyZZGuT6IawKCAQEAww1ieNoDSaQxBu7hg6edTtDaGMJIz4OFl2L92/vSObw9\nTXk3efN/2z7nuFxMKfDOHDd4MY40AYCu7oku3wyEKf5DZNAS5KmF6O2RvXgl7KEr\nKVIY7k4+1DoJBmD05oMW+QDZbmgV5MYkXy1FDBoboOXlzSaS/9vTkaduvJfKmdky\njAHJSvktpsbHjiGBUPR0Tcf/kSS5ru2k7ZghaiL7RE+KCdN80N2ldb65hzXflPlt\n3Cq3jvqcAFKPgbi21Whe0dqgT9UhMl/U7Kh3VRUSUcGocen+USYXstVzEBTU0fpW\n92dzJLsrmd/NWdJNon4aqz93B3AJVG+pN0EVRt7JZQKCAQEAmSHpU0PCJ1vGBJ1P\n0ATQX9gDB/o1ft5zHOVKL4inyrzzB9IHvjVhxRVDFRtCLcLunYbjHa8ZnYrAgedA\nQIMtLh2XUefLV0aclI/6uiD5geWW9cNx3uPF5LpucBxjz6ZOnXFHUtzz8snjD+Cm\nzrY0Nu3wrjuuhrP/oZaDXvOiTo3ek6iBWt3YD/99ncc9AQ8FQ9N/vaOLT5EXBrju\nn1SDycBUns8QDEn1NLNwDZcGfaUnN54GWCVI5Boy37AN+7f0kKQerAZZX7Gz/OBD\npdtb4RdrI+Ug7w21aASRupLerwnINFq760++0LbV5W1LRJYw4Rcz7eX5Hdg/nDX/\n8e/lXQKCAQEAnzKjdqPqHwbmBRSf94asvBF2kNKx/r0IIkFnlU75jKn5FuyivORj\nLJ0xH6Yle+3RK/KSJVA9XiSbopFRMjfS/ztJ4lR5tywt4alVVGFmAragtb8OHiK6\n4RjlGNG10RaZf26UCKrng6u9L/mQ64m7lx1M7J5ZSH8xNSaFGWSCtgMyYFds5cZu\n3jpL0dPC6kI7UuizzNE+xGmuPUX3r9sRXfXVYqO8sfTWAT5DyvnLnJngctxiqU4e\nWZ0JCAWtJI1lJr7cLYx05dqVvPrbOxRRuWzogOFM8wq2OP5CRZPbB+7dYFyM/CPQ\nOG0T/AXL2541QiQwkF9/He1tHW3/YbKgiQKCAQEAkrwtd2y338m4V3kEnO65P1x+\nGzguCEI4BtFvGw5qT0Z+OKps5FEtRsUM24AhYWSaODJvB9DtG5JtUkbKV81VJgVD\nbs8AZUWQzH8w9QvA09vifIsUK3L5pTdF2cMaPt+FqtmvOAv6nz5xfONXLwfGKCdE\n+mit01X6vhP+o1/s1dCD2GgURkpxIT2/zPKoC7Yp+0VfwBpDOsVJmFSQYG/6Fegm\ncr8y4MKYfwCLebCmZ7W+FcEKmQdtv/ven27AsB0kTc8iRJXXQU8htbOibZggXA4U\np8e2guU8YHXHs4KlWrNBnDcnTB7GyW/5Zq8D0LXeFBTUnfzO764fd58QmU8bDg==\n-----END RSA PRIVATE KEY-----\n",
            "private_key_pem_pkcs8": "-----BEGIN PRIVATE KEY-----\nMIIJRAIBADANBgkqhkiG9w0BAQEFAASCCS4wggkqAgEAAoICAQCaMfdi06Uj04Ut\nDzuLMzwfJm3NId0vkXU7smP9hwKVMiV1O2NKE/3y5xS+7m666X0Iot6ffAolIPyP\nbnG2VyImvEo+pTyg/pLzI3e8Tq42idbTO4B+AUXE/acGIzJrWQfBck0IJR/HkUtA\n9U+0aQbFnwv2Au4o6BBWyB9rP7+iToHE3B4bPqj78lwIYLn5maW2JuEKtkp4uZoF\n4LrRz2AwvI2l7x9YNRRSnyeV7KhJCdM4cALoVYh2JItlqdV2znwoMF2smbLm/KcF\n7e0tKxf65BQmQ2wPXnktZMcRMWvgEkcgrnwiuMBRJgtWx0QrcHR1miMwOlBZmETh\nQzAcsS5UdewRn0k9mLkDqhbbGJ/NKExd/UM1Ge0F0LWoFwLMzHYL+IbnQmk4gXg+\nQu98OT97+cxEW7q5Ofy6oUJjR72s0iMzVbrW4AkcdhLwcTvfoWeiB4m5oybgp8rx\nw+HZGNfhHuRDrBBiQMm/uv6IEhAjKX8XPHBAkPLuHlJ7lDc7g+9tJxWofNWIHtoZ\nWO6N15VsYuBA3zLGiMX7buQAT6+GFCrCS6oD3yV8VkOO78ih1cMFPqiCMMnXZpxF\nrN1/j9SY//dgHZcZnyDc+zpexfUuRiP9mxdIRDjnbpltRbFqhZcTwqPSN09nMZm0\nI8/nXvLVbXpSN2+WM9XNQuqnvZHVNwIDAQABAoICABNO53H2G6s5TOdgDW44W7Jw\n3vX9ZBOVTM9NXsz773xcO6mK5rt7dmTIv+XKuI3qN/BxaJwi7ahJkaaqR030aj/c\nexWOHmHwjtkoW1F2rsUAjKiFvmjI4wIwWw5fMOyVSO3V0MSQ1YJpdLltHm5yalkr\nudUz97uil40uYRTOdkIuP3y1rYVu2r0104VvC0qwjToaczqiqf+lCh7rTamBJMPl\nkH0zTMMAXoucB1p0OHxw4QSjrhGGyGA24ke4NRU79PsZV1mKI4deItIQwY7S4x1V\nGxrRfYINK/JduLmz7RSxZTu37a5xYQ+oSmoy6Jvh6ItjYj2jR7V4ZkOo5KjrHOhf\n2ZZDRQ9emrL3ekaW3QVKXloaXxODTBc+b2RYCxkI8gq26s+EEO00E/DlepbrgOiK\n7/XgQO1j9ZNm/nG82ZOGAMFRvOS9RMtbJZavaOavfoGCYZGIBgHSJuoScPDSUDJ0\nCyqeteVjOtu12MyDwjSvyDUxJttOJHcyFeTVAT+A7U6b00rk7SU2I72ZAU6tz3lN\ntd3F1MhBleEZlJIbdH/G05GaAqczkBUUsgDByiRlCVOTjH2W7uU6vhUuMbSjR4Yf\n8TkBMHsrKbG0p4GFrBynL/jfmkz5VB6V1zqWO0y5ZAjNcBVoFeh4n9fbtkubwVam\nzVw976eQ+g9QNVdaIXFlAoIBAQDKYFd/TGD8Pc9/Klf5FfEiySjv7k+mZv0Ij6xa\nlSWG6otN57GIpxge7X0dvJ4Ys8utTqVyAYuKhyPHQSD3Jhiuv7c6q6TEOE9Z4QsB\ns7gyTA5OgCCOLdh1iaI+mkqV54WHDm1xMNG2lJoiuw4xcJByp/rxGndNr3rMpVgW\nVmHzd34/Xje/+6Mw1/rIQvWgEDjCUGf+8XUbqW5G2P1zf17tIzA42JBwTSdR2M+8\nzWY1ESIQplcmvx1mxv4EX0OS4NoZ6x63dDDODgo2zfrOrIi4tF9/5JpFpKZW1zIU\nnHIeNl2ik7S+Z9s/H4jgGlok3dff6U/IyySZmMLJlka5PohrAoIBAQDDDWJ42gNJ\npDEG7uGDp51O0NoYwkjPg4WXYv3b+9I5vD1NeTd583/bPue4XEwp8M4cN3gxjjQB\ngK7uiS7fDIQp/kNk0BLkqYXo7ZG9eCXsoSspUhjuTj7UOgkGYPTmgxb5ANluaBXk\nxiRfLUUMGhug5eXNJpL/29ORp268l8qZ2TKMAclK+S2mxseOIYFQ9HRNx/+RJLmu\n7aTtmCFqIvtET4oJ03zQ3aV1vrmHNd+U+W3cKreO+pwAUo+BuLbVaF7R2qBP1SEy\nX9TsqHdVFRJRwahx6f5RJhey1XMQFNTR+lb3Z3MkuyuZ381Z0k2ifhqrP3cHcAlU\nb6k3QRVG3sllAoIBAQCZIelTQ8InW8YEnU/QBNBf2AMH+jV+3nMc5UoviKfKvPMH\n0ge+NWHFFUMVG0Itwu6dhuMdrxmdisCB50BAgy0uHZdR58tXRpyUj/q6IPmB5Zb1\nw3He48Xkum5wHGPPpk6dcUdS3PPyyeMP4KbOtjQ27fCuO66Gs/+hloNe86JOjd6T\nqIFa3dgP/32dxz0BDwVD03+9o4tPkRcGuO6fVIPJwFSezxAMSfU0s3ANlwZ9pSc3\nngZYJUjkGjLfsA37t/SQpB6sBllfsbP84EOl21vhF2sj5SDvDbVoBJG6kt6vCcg0\nWrvrT77QttXlbUtEljDhFzPt5fkd2D+cNf/x7+VdAoIBAQCfMqN2o+ofBuYFFJ/3\nhqy8EXaQ0rH+vQgiQWeVTvmMqfkW7KK85GMsnTEfpiV77dEr8pIlUD1eJJuikVEy\nN9L/O0niVHm3LC3hqVVUYWYCtqC1vw4eIrrhGOUY0bXRFpl/bpQIqueDq70v+ZDr\nibuXHUzsnllIfzE1JoUZZIK2AzJgV2zlxm7eOkvR08LqQjtS6LPM0T7Eaa49Rfev\n2xFd9dVio7yx9NYBPkPK+cucmeBy3GKpTh5ZnQkIBa0kjWUmvtwtjHTl2pW8+ts7\nFFG5bOiA4UzzCrY4/kJFk9sH7t1gXIz8I9A4bRP8BcvbnjVCJDCQX38d7W0dbf9h\nsqCJAoIBAQCSvC13bLffybhXeQSc7rk/XH4bOC4IQjgG0W8bDmpPRn44qmzkUS1G\nxQzbgCFhZJo4Mm8H0O0bkm1SRspXzVUmBUNuzwBlRZDMfzD1C8DT2+J8ixQrcvml\nN0XZwxo+34Wq2a84C/qfPnF841cvB8YoJ0T6aK3TVfq+E/6jX+zV0IPYaBRGSnEh\nPb/M8qgLtin7RV/AGkM6xUmYVJBgb/oV6CZyvzLgwph/AIt5sKZntb4VwQqZB22/\n+96fbsCwHSRNzyJElddBTyG1s6JtmCBcDhSnx7aC5TxgdcezgqVas0GcNydMHsbJ\nb/lmrwPQtd4UFNSd/M7vrh93nxCZTxsO\n-----END PRIVATE KEY-----\n",
            "public_key_fingerprint_md5": "4a:ea:f2:84:3d:e3:ac:5f:d4:9f:97:88:23:e1:9f:48",
            "public_key_fingerprint_sha256": "SHA256:JAQON84k7taFoKHurST6mE5ylT9SKjU7XOzItZVp7xM",
            "public_key_openssh": "ssh-rsa AAAAB3NzaC1yc2EAAAADAQABAAACAQCaMfdi06Uj04UtDzuLMzwfJm3NId0vkXU7smP9hwKVMiV1O2NKE/3y5xS+7m666X0Iot6ffAolIPyPbnG2VyImvEo+pTyg/pLzI3e8Tq42idbTO4B+AUXE/acGIzJrWQfBck0IJR/HkUtA9U+0aQbFnwv2Au4o6BBWyB9rP7+iToHE3B4bPqj78lwIYLn5maW2JuEKtkp4uZoF4LrRz2AwvI2l7x9YNRRSnyeV7KhJCdM4cALoVYh2JItlqdV2znwoMF2smbLm/KcF7e0tKxf65BQmQ2wPXnktZMcRMWvgEkcgrnwiuMBRJgtWx0QrcHR1miMwOlBZmEThQzAcsS5UdewRn0k9mLkDqhbbGJ/NKExd/UM1Ge0F0LWoFwLMzHYL+IbnQmk4gXg+Qu98OT97+cxEW7q5Ofy6oUJjR72s0iMzVbrW4AkcdhLwcTvfoWeiB4m5oybgp8rxw+HZGNfhHuRDrBBiQMm/uv6IEhAjKX8XPHBAkPLuHlJ7lDc7g+9tJxWofNWIHtoZWO6N15VsYuBA3zLGiMX7buQAT6+GFCrCS6oD3yV8VkOO78ih1cMFPqiCMMnXZpxFrN1/j9SY//dgHZcZnyDc+zpexfUuRiP9mxdIRDjnbpltRbFqhZcTwqPSN09nMZm0I8/nXvLVbXpSN2+WM9XNQuqnvZHVNw==\n",
            "public_key_pem": "-----BEGIN PUBLIC KEY-----\nMIICIjANBgkqhkiG9w0BAQEFAAOCAg8AMIICCgKCAgEAmjH3YtOlI9OFLQ87izM8\nHyZtzSHdL5F1O7Jj/YcClTIldTtjShP98ucUvu5uuul9CKLen3wKJSD8j25xtlci\nJrxKPqU8oP6S8yN3vE6uNonW0zuAfgFFxP2nBiMya1kHwXJNCCUfx5FLQPVPtGkG\nxZ8L9gLuKOgQVsgfaz+/ok6BxNweGz6o+/JcCGC5+ZmltibhCrZKeLmaBeC60c9g\nMLyNpe8fWDUUUp8nleyoSQnTOHAC6FWIdiSLZanVds58KDBdrJmy5vynBe3tLSsX\n+uQUJkNsD155LWTHETFr4BJHIK58IrjAUSYLVsdEK3B0dZojMDpQWZhE4UMwHLEu\nVHXsEZ9JPZi5A6oW2xifzShMXf1DNRntBdC1qBcCzMx2C/iG50JpOIF4PkLvfDk/\ne/nMRFu6uTn8uqFCY0e9rNIjM1W61uAJHHYS8HE736FnogeJuaMm4KfK8cPh2RjX\n4R7kQ6wQYkDJv7r+iBIQIyl/FzxwQJDy7h5Se5Q3O4PvbScVqHzViB7aGVjujdeV\nbGLgQN8yxojF+27kAE+vhhQqwkuqA98lfFZDju/IodXDBT6ogjDJ12acRazdf4/U\nmP/3YB2XGZ8g3Ps6XsX1LkYj/ZsXSEQ4526ZbUWxaoWXE8Kj0jdPZzGZtCPP517y\n1W16UjdvljPVzULqp72R1TcCAwEAAQ==\n-----END PUBLIC KEY-----\n",
            "rsa_bits": 4096
          },
          "sensitive_attributes": [
            [
              {
                "type": "get_attr",
                "value": "private_key_openssh"
              }
            ],
            [
              {
                "type": "get_attr",
                "value": "private_key_pem"
              }
            ],
            [
              {
                "type": "get_attr",
                "value": "private_key_pem_pkcs8"
              }
            ]
          ],
          "identity_schema_version": 0
        }
      ]
    }
  ],
  "check_results": null
}
